
Microsoft Visual Studio Solution File, Format Version 12.00
# Visual Studio Version 16
VisualStudioVersion = 16.0.29709.97
MinimumVisualStudioVersion = 10.0.40219.1
Project("{FAE04EC0-301F-11D3-BF4B-00C04F79EFBC}") = "WindowsFormsApp4", "WindowsFormsApp4\WindowsFormsApp4.csproj", "{4358998A-2C21-448E-9517-4360BD287BAA}"
EndProject
Global
	GlobalSection(SolutionConfigurationPlatforms) = preSolution
		Debug|Any CPU = Debug|Any CPU
		Release|Any CPU = Release|Any CPU
	EndGlobalSection
	GlobalSection(ProjectConfigurationPlatforms) = postSolution
		{4358998A-2C21-448E-9517-4360BD287BAA}.Debug|Any CPU.ActiveCfg = Debug|Any CPU
		{4358998A-2C21-448E-9517-4360BD287BAA}.Debug|Any CPU.Build.0 = Debug|Any CPU
		{4358998A-2C21-448E-9517-4360BD287BAA}.Release|Any CPU.ActiveCfg = Release|Any CPU
		{4358998A-2C21-448E-9517-4360BD287BAA}.Release|Any CPU.Build.0 = Release|Any CPU
	EndGlobalSection
	GlobalSection(SolutionProperties) = preSolution
		HideSolutionNode = FALSE
	EndGlobalSection
	GlobalSection(ExtensibilityGlobals) = postSolution
		SolutionGuid = {87FAE213-5FA5-4CDB-AFDF-B4AA2A59555F}
	EndGlobalSection
EndGlobal
