
Microsoft Visual Studio Solution File, Format Version 12.00
# Visual Studio Version 16
VisualStudioVersion = 16.0.29709.97
MinimumVisualStudioVersion = 10.0.40219.1
Project("{FAE04EC0-301F-11D3-BF4B-00C04F79EFBC}") = "WindowsFormsApp7", "WindowsFormsApp7\WindowsFormsApp7.csproj", "{AD601BD3-C1C0-4D32-B2D2-38C557F4DF21}"
EndProject
Global
	GlobalSection(SolutionConfigurationPlatforms) = preSolution
		Debug|Any CPU = Debug|Any CPU
		Release|Any CPU = Release|Any CPU
	EndGlobalSection
	GlobalSection(ProjectConfigurationPlatforms) = postSolution
		{AD601BD3-C1C0-4D32-B2D2-38C557F4DF21}.Debug|Any CPU.ActiveCfg = Debug|Any CPU
		{AD601BD3-C1C0-4D32-B2D2-38C557F4DF21}.Debug|Any CPU.Build.0 = Debug|Any CPU
		{AD601BD3-C1C0-4D32-B2D2-38C557F4DF21}.Release|Any CPU.ActiveCfg = Release|Any CPU
		{AD601BD3-C1C0-4D32-B2D2-38C557F4DF21}.Release|Any CPU.Build.0 = Release|Any CPU
	EndGlobalSection
	GlobalSection(SolutionProperties) = preSolution
		HideSolutionNode = FALSE
	EndGlobalSection
	GlobalSection(ExtensibilityGlobals) = postSolution
		SolutionGuid = {6AB53EF3-40CF-4C11-AFFE-FBB8A7AAA9A8}
	EndGlobalSection
EndGlobal
