
Microsoft Visual Studio Solution File, Format Version 12.00
# Visual Studio Version 16
VisualStudioVersion = 16.0.29709.97
MinimumVisualStudioVersion = 10.0.40219.1
Project("{FAE04EC0-301F-11D3-BF4B-00C04F79EFBC}") = "WindowsFormsApp1", "WindowsFormsApp1\WindowsFormsApp1.csproj", "{118D4CB5-4804-4CFC-92C1-1246A2C25A9F}"
EndProject
Global
	GlobalSection(SolutionConfigurationPlatforms) = preSolution
		Debug|Any CPU = Debug|Any CPU
		Release|Any CPU = Release|Any CPU
	EndGlobalSection
	GlobalSection(ProjectConfigurationPlatforms) = postSolution
		{118D4CB5-4804-4CFC-92C1-1246A2C25A9F}.Debug|Any CPU.ActiveCfg = Debug|Any CPU
		{118D4CB5-4804-4CFC-92C1-1246A2C25A9F}.Debug|Any CPU.Build.0 = Debug|Any CPU
		{118D4CB5-4804-4CFC-92C1-1246A2C25A9F}.Release|Any CPU.ActiveCfg = Release|Any CPU
		{118D4CB5-4804-4CFC-92C1-1246A2C25A9F}.Release|Any CPU.Build.0 = Release|Any CPU
	EndGlobalSection
	GlobalSection(SolutionProperties) = preSolution
		HideSolutionNode = FALSE
	EndGlobalSection
	GlobalSection(ExtensibilityGlobals) = postSolution
		SolutionGuid = {00E453A4-F54E-4E1F-A622-63A7EE37D4BA}
	EndGlobalSection
EndGlobal
